
Microsoft Visual Studio Solution File, Format Version 12.00
# Visual Studio Version 16
VisualStudioVersion = 16.0.30413.136
MinimumVisualStudioVersion = 10.0.40219.1
Project("{FAE04EC0-301F-11D3-BF4B-00C04F79EFBC}") = "Mundo.Web", "Mundo.Web\Mundo.Web.csproj", "{66E1AC37-7BDF-401D-A287-BE7B84E97F92}"
EndProject
Project("{FAE04EC0-301F-11D3-BF4B-00C04F79EFBC}") = "Mundo.Api.Paises.Estados", "Mundo.Api.Paises.Estados\Mundo.Api.Paises.Estados.csproj", "{58FA7F65-F868-46B7-9F0B-55B9E080ABBF}"
EndProject
Project("{FAE04EC0-301F-11D3-BF4B-00C04F79EFBC}") = "Mundo.Domain", "Mundo.Domain\Mundo.Domain.csproj", "{91FB329B-5D50-43FE-8E66-25B0893D9D9E}"
EndProject
Project("{FAE04EC0-301F-11D3-BF4B-00C04F79EFBC}") = "Mundo.Repository", "Mundo.Repository\Mundo.Repository.csproj", "{B5C7FA1D-D681-42E0-B2C6-AC2DA246E8CA}"
EndProject
Project("{FAE04EC0-301F-11D3-BF4B-00C04F79EFBC}") = "Mundo.Api.Pesssoas", "Mundo.Api.Pesssoas\Mundo.Api.Pesssoas.csproj", "{42F09426-4643-472A-B06A-E9A5BCA000AB}"
EndProject
Global
	GlobalSection(SolutionConfigurationPlatforms) = preSolution
		Debug|Any CPU = Debug|Any CPU
		Release|Any CPU = Release|Any CPU
	EndGlobalSection
	GlobalSection(ProjectConfigurationPlatforms) = postSolution
		{66E1AC37-7BDF-401D-A287-BE7B84E97F92}.Debug|Any CPU.ActiveCfg = Debug|Any CPU
		{66E1AC37-7BDF-401D-A287-BE7B84E97F92}.Debug|Any CPU.Build.0 = Debug|Any CPU
		{66E1AC37-7BDF-401D-A287-BE7B84E97F92}.Release|Any CPU.ActiveCfg = Release|Any CPU
		{66E1AC37-7BDF-401D-A287-BE7B84E97F92}.Release|Any CPU.Build.0 = Release|Any CPU
		{58FA7F65-F868-46B7-9F0B-55B9E080ABBF}.Debug|Any CPU.ActiveCfg = Debug|Any CPU
		{58FA7F65-F868-46B7-9F0B-55B9E080ABBF}.Debug|Any CPU.Build.0 = Debug|Any CPU
		{58FA7F65-F868-46B7-9F0B-55B9E080ABBF}.Release|Any CPU.ActiveCfg = Release|Any CPU
		{58FA7F65-F868-46B7-9F0B-55B9E080ABBF}.Release|Any CPU.Build.0 = Release|Any CPU
		{91FB329B-5D50-43FE-8E66-25B0893D9D9E}.Debug|Any CPU.ActiveCfg = Debug|Any CPU
		{91FB329B-5D50-43FE-8E66-25B0893D9D9E}.Debug|Any CPU.Build.0 = Debug|Any CPU
		{91FB329B-5D50-43FE-8E66-25B0893D9D9E}.Release|Any CPU.ActiveCfg = Release|Any CPU
		{91FB329B-5D50-43FE-8E66-25B0893D9D9E}.Release|Any CPU.Build.0 = Release|Any CPU
		{B5C7FA1D-D681-42E0-B2C6-AC2DA246E8CA}.Debug|Any CPU.ActiveCfg = Debug|Any CPU
		{B5C7FA1D-D681-42E0-B2C6-AC2DA246E8CA}.Debug|Any CPU.Build.0 = Debug|Any CPU
		{B5C7FA1D-D681-42E0-B2C6-AC2DA246E8CA}.Release|Any CPU.ActiveCfg = Release|Any CPU
		{B5C7FA1D-D681-42E0-B2C6-AC2DA246E8CA}.Release|Any CPU.Build.0 = Release|Any CPU
		{42F09426-4643-472A-B06A-E9A5BCA000AB}.Debug|Any CPU.ActiveCfg = Debug|Any CPU
		{42F09426-4643-472A-B06A-E9A5BCA000AB}.Debug|Any CPU.Build.0 = Debug|Any CPU
		{42F09426-4643-472A-B06A-E9A5BCA000AB}.Release|Any CPU.ActiveCfg = Release|Any CPU
		{42F09426-4643-472A-B06A-E9A5BCA000AB}.Release|Any CPU.Build.0 = Release|Any CPU
	EndGlobalSection
	GlobalSection(SolutionProperties) = preSolution
		HideSolutionNode = FALSE
	EndGlobalSection
	GlobalSection(ExtensibilityGlobals) = postSolution
		SolutionGuid = {1DFBD3D5-9CDF-4FCD-B8E0-36288AC8F023}
	EndGlobalSection
EndGlobal
